// !$*UTF8*$!
{
	archiveVersion = 1;
	classes = {
	};
	objectVersion = 56;
	objects = {

/* Begin PBXCopyFilesBuildPhase section */
		529A8B8A297D065A0064ECBC /* CopyFiles */ = {
			isa = PBXCopyFilesBuildPhase;
			buildActionMask = 2147483647;
			dstPath = /usr/share/man/man1/;
			dstSubfolderSpec = 0;
			files = (
			);
			runOnlyForDeploymentPostprocessing = 1;
		};
/* End PBXCopyFilesBuildPhase section */

/* Begin PBXFileReference section */
		52006B0829FA3A0A0063CF2B /* 4179.cpp */ = {isa = PBXFileReference; lastKnownFileType = sourcecode.cpp.cpp; path = 4179.cpp; sourceTree = "<group>"; };
		52006B0A29FA4E140063CF2B /* 1916.cpp */ = {isa = PBXFileReference; lastKnownFileType = sourcecode.cpp.cpp; path = 1916.cpp; sourceTree = "<group>"; };
		52006B0C29FA5DD30063CF2B /* 1.cpp */ = {isa = PBXFileReference; lastKnownFileType = sourcecode.cpp.cpp; path = 1.cpp; sourceTree = "<group>"; };
		52006D9629A9CC9800DC48FA /* 1748.cpp */ = {isa = PBXFileReference; lastKnownFileType = sourcecode.cpp.cpp; path = 1748.cpp; sourceTree = "<group>"; };
		520913DF29A9C8E0002FECDD /* 1476.cpp */ = {isa = PBXFileReference; lastKnownFileType = sourcecode.cpp.cpp; path = 1476.cpp; sourceTree = "<group>"; };
		5209FE4F298962F300EA3F3C /* 11727.cpp */ = {isa = PBXFileReference; lastKnownFileType = sourcecode.cpp.cpp; path = 11727.cpp; sourceTree = "<group>"; };
		5209FE51298967F400EA3F3C /* 9095.cpp */ = {isa = PBXFileReference; lastKnownFileType = sourcecode.cpp.cpp; path = 9095.cpp; sourceTree = "<group>"; };
		521FDE9029C6FA32005936F6 /* 17136.cpp */ = {isa = PBXFileReference; lastKnownFileType = sourcecode.cpp.cpp; path = 17136.cpp; sourceTree = "<group>"; };
		5220607929B87D8200988087 /* 10974.cpp */ = {isa = PBXFileReference; lastKnownFileType = sourcecode.cpp.cpp; path = 10974.cpp; sourceTree = "<group>"; };
		5220607B29B881AD00988087 /* 10819.cpp */ = {isa = PBXFileReference; lastKnownFileType = sourcecode.cpp.cpp; path = 10819.cpp; sourceTree = "<group>"; };
		52227DF4299F5E4600B8C19A /* 15988.cpp */ = {isa = PBXFileReference; lastKnownFileType = sourcecode.cpp.cpp; path = 15988.cpp; sourceTree = "<group>"; };
		52227DF6299F629C00B8C19A /* 1149.cpp */ = {isa = PBXFileReference; lastKnownFileType = sourcecode.cpp.cpp; path = 1149.cpp; sourceTree = "<group>"; };
		52227DF8299F660C00B8C19A /* 1309.cpp */ = {isa = PBXFileReference; lastKnownFileType = sourcecode.cpp.cpp; path = 1309.cpp; sourceTree = "<group>"; };
		52227DFA299F67FC00B8C19A /* 2156.cpp */ = {isa = PBXFileReference; lastKnownFileType = sourcecode.cpp.cpp; path = 2156.cpp; sourceTree = "<group>"; };
		523FC18B29C08C1700B3E637 /* 2529.cpp */ = {isa = PBXFileReference; lastKnownFileType = sourcecode.cpp.cpp; path = 2529.cpp; sourceTree = "<group>"; };
		524181C929A3056500E84F77 /* 11055.cpp */ = {isa = PBXFileReference; lastKnownFileType = sourcecode.cpp.cpp; path = 11055.cpp; sourceTree = "<group>"; };
		524181CB29A30E2200E84F77 /* 11722.cpp */ = {isa = PBXFileReference; lastKnownFileType = sourcecode.cpp.cpp; path = 11722.cpp; sourceTree = "<group>"; };
		524181CD29A343C400E84F77 /* 13398.cpp */ = {isa = PBXFileReference; lastKnownFileType = sourcecode.cpp.cpp; path = 13398.cpp; sourceTree = "<group>"; };
		52423A48298D2EA300B32236 /* 16194.cpp */ = {isa = PBXFileReference; lastKnownFileType = sourcecode.cpp.cpp; path = 16194.cpp; sourceTree = "<group>"; };
		5249BA9229BEFE3F003E7899 /* 14501.cpp */ = {isa = PBXFileReference; lastKnownFileType = sourcecode.cpp.cpp; path = 14501.cpp; sourceTree = "<group>"; };
		5249BA9429BF0379003E7899 /* 15661.cpp */ = {isa = PBXFileReference; lastKnownFileType = sourcecode.cpp.cpp; path = 15661.cpp; sourceTree = "<group>"; };
		524C55ED2984390500FC68A3 /* 10808.cpp */ = {isa = PBXFileReference; lastKnownFileType = sourcecode.cpp.cpp; path = 10808.cpp; sourceTree = "<group>"; };
		524C55EF29858FAD00FC68A3 /* 10820.cpp */ = {isa = PBXFileReference; lastKnownFileType = sourcecode.cpp.cpp; path = 10820.cpp; sourceTree = "<group>"; };
		52518D972990F1550093E023 /* 10844.cpp */ = {isa = PBXFileReference; lastKnownFileType = sourcecode.cpp.cpp; path = 10844.cpp; sourceTree = "<group>"; };
		52547949298812E100FD9AC8 /* 11726.cpp */ = {isa = PBXFileReference; lastKnownFileType = sourcecode.cpp.cpp; path = 11726.cpp; sourceTree = "<group>"; };
		525CF8B72986ED2400687BAA /* 1463.cpp */ = {isa = PBXFileReference; lastKnownFileType = sourcecode.cpp.cpp; path = 1463.cpp; sourceTree = "<group>"; };
		52610B302A0047B300A2938F /* 1976.cpp */ = {isa = PBXFileReference; lastKnownFileType = sourcecode.cpp.cpp; path = 1976.cpp; sourceTree = "<group>"; };
		52610B322A00E2A600A2938F /* 20040.cpp */ = {isa = PBXFileReference; lastKnownFileType = sourcecode.cpp.cpp; path = 20040.cpp; sourceTree = "<group>"; };
		52715F3229E284F80001D961 /* 13913.cpp */ = {isa = PBXFileReference; lastKnownFileType = sourcecode.cpp.cpp; path = 13913.cpp; sourceTree = "<group>"; };
		527388E32982D7DF00E3CB07 /* 1918.cpp */ = {isa = PBXFileReference; lastKnownFileType = sourcecode.cpp.cpp; path = 1918.cpp; sourceTree = "<group>"; };
		5273925429DFECBD009ED849 /* 1697.cpp */ = {isa = PBXFileReference; lastKnownFileType = sourcecode.cpp.cpp; path = 1697.cpp; sourceTree = "<group>"; };
		5275FA9429B088560017D619 /* 6064.cpp */ = {isa = PBXFileReference; lastKnownFileType = sourcecode.cpp.cpp; path = 6064.cpp; sourceTree = "<group>"; };
		5279B5C829C847AB000BD7DC /* 5427.cpp */ = {isa = PBXFileReference; lastKnownFileType = sourcecode.cpp.cpp; path = 5427.cpp; sourceTree = "<group>"; };
		52880F5729BDA8CC005C5827 /* 1759.cpp */ = {isa = PBXFileReference; lastKnownFileType = sourcecode.cpp.cpp; path = 1759.cpp; sourceTree = "<group>"; };
		5289938829A8946900120A15 /* 2133.cpp */ = {isa = PBXFileReference; lastKnownFileType = sourcecode.cpp.cpp; path = 2133.cpp; sourceTree = "<group>"; };
		5289939029A8A6A300120A15 /* 17404.cpp */ = {isa = PBXFileReference; lastKnownFileType = sourcecode.cpp.cpp; path = 17404.cpp; sourceTree = "<group>"; };
		528C472D29D6B73100E42540 /* 7569.cpp */ = {isa = PBXFileReference; lastKnownFileType = sourcecode.cpp.cpp; path = 7569.cpp; sourceTree = "<group>"; };
		528E97CF29DBF46C00126281 /* 16947.cpp */ = {isa = PBXFileReference; lastKnownFileType = sourcecode.cpp.cpp; path = 16947.cpp; sourceTree = "<group>"; };
		52922E2329A0A28C004CCBC5 /* 11054.cpp */ = {isa = PBXFileReference; lastKnownFileType = sourcecode.cpp.cpp; path = 11054.cpp; sourceTree = "<group>"; };
		529A8B8C297D065A0064ECBC /* Algorithm */ = {isa = PBXFileReference; explicitFileType = "compiled.mach-o.executable"; includeInIndex = 0; path = Algorithm; sourceTree = BUILT_PRODUCTS_DIR; };
		529A8B99297D071D0064ECBC /* 17413.cpp */ = {isa = PBXFileReference; lastKnownFileType = sourcecode.cpp.cpp; path = 17413.cpp; sourceTree = "<group>"; };
		529A8B9B297D07320064ECBC /* BubbbleSort.cpp */ = {isa = PBXFileReference; lastKnownFileType = sourcecode.cpp.cpp; path = BubbbleSort.cpp; sourceTree = "<group>"; };
		529A8B9D297D07430064ECBC /* MergeSort.cpp */ = {isa = PBXFileReference; lastKnownFileType = sourcecode.cpp.cpp; path = MergeSort.cpp; sourceTree = "<group>"; };
		529A8B9F297D074C0064ECBC /* QuickSort.cpp */ = {isa = PBXFileReference; lastKnownFileType = sourcecode.cpp.cpp; path = QuickSort.cpp; sourceTree = "<group>"; };
		529A8BA1297D07530064ECBC /* SelectionSort.cpp */ = {isa = PBXFileReference; lastKnownFileType = sourcecode.cpp.cpp; path = SelectionSort.cpp; sourceTree = "<group>"; };
		529A8BA4297D320F0064ECBC /* 10799.cpp */ = {isa = PBXFileReference; lastKnownFileType = sourcecode.cpp.cpp; path = 10799.cpp; sourceTree = "<group>"; };
		529A8BA7298020700064ECBC /* 1935.cpp */ = {isa = PBXFileReference; lastKnownFileType = sourcecode.cpp.cpp; path = 1935.cpp; sourceTree = "<group>"; };
		529A8BA92980E8230064ECBC /* 17298.cpp */ = {isa = PBXFileReference; lastKnownFileType = sourcecode.cpp.cpp; path = 17298.cpp; sourceTree = "<group>"; };
		529B349629E93AE800D1F408 /* 14226.cpp */ = {isa = PBXFileReference; lastKnownFileType = sourcecode.cpp.cpp; path = 14226.cpp; sourceTree = "<group>"; };
		529E01902994D6DC00CF38D3 /* 1912.cpp */ = {isa = PBXFileReference; lastKnownFileType = sourcecode.cpp.cpp; path = 1912.cpp; sourceTree = "<group>"; };
		529E01922995DED200CF38D3 /* 1699.cpp */ = {isa = PBXFileReference; lastKnownFileType = sourcecode.cpp.cpp; path = 1699.cpp; sourceTree = "<group>"; };
		529E2491298255A40093140C /* 17299.cpp */ = {isa = PBXFileReference; lastKnownFileType = sourcecode.cpp.cpp; path = 17299.cpp; sourceTree = "<group>"; };
		52A1C57A29B0AF850045AB2F /* 15651.cpp */ = {isa = PBXFileReference; lastKnownFileType = sourcecode.cpp.cpp; path = 15651.cpp; sourceTree = "<group>"; };
		52A1C57C29B0B5BA0045AB2F /* 15652.cpp */ = {isa = PBXFileReference; lastKnownFileType = sourcecode.cpp.cpp; path = 15652.cpp; sourceTree = "<group>"; };
		52A1C57E29B0DD3F0045AB2F /* 15654.cpp */ = {isa = PBXFileReference; lastKnownFileType = sourcecode.cpp.cpp; path = 15654.cpp; sourceTree = "<group>"; };
		52A50D9129B49A02009F0E05 /* 15663.cpp */ = {isa = PBXFileReference; lastKnownFileType = sourcecode.cpp.cpp; path = 15663.cpp; sourceTree = "<group>"; };
		52A50D9329B49BE4009F0E05 /* 15664.cpp */ = {isa = PBXFileReference; lastKnownFileType = sourcecode.cpp.cpp; path = 15664.cpp; sourceTree = "<group>"; };
		52A50D9529B49D34009F0E05 /* 15665.cpp */ = {isa = PBXFileReference; lastKnownFileType = sourcecode.cpp.cpp; path = 15665.cpp; sourceTree = "<group>"; };
		52A50D9729B4A0C6009F0E05 /* 15666.cpp */ = {isa = PBXFileReference; lastKnownFileType = sourcecode.cpp.cpp; path = 15666.cpp; sourceTree = "<group>"; };
		52A50D9A29B4B8F3009F0E05 /* 10973.cpp */ = {isa = PBXFileReference; lastKnownFileType = sourcecode.cpp.cpp; path = 10973.cpp; sourceTree = "<group>"; };
		52A50D9C29B4BBC4009F0E05 /* 10972.cpp */ = {isa = PBXFileReference; lastKnownFileType = sourcecode.cpp.cpp; path = 10972.cpp; sourceTree = "<group>"; };
		52B1229E29D4296300C0EB39 /* 5430.cpp */ = {isa = PBXFileReference; lastKnownFileType = sourcecode.cpp.cpp; path = 5430.cpp; sourceTree = "<group>"; };
		52B2BF3E2992ABB400D164EC /* 11053.cpp */ = {isa = PBXFileReference; lastKnownFileType = sourcecode.cpp.cpp; path = 11053.cpp; sourceTree = "<group>"; };
		52B2BF412992C55500D164EC /* 14402.cpp */ = {isa = PBXFileReference; lastKnownFileType = sourcecode.cpp.cpp; path = 14402.cpp; sourceTree = "<group>"; };
		52B3D5B729FBA80300DB9CC2 /* 2331.cpp */ = {isa = PBXFileReference; lastKnownFileType = sourcecode.cpp.cpp; path = 2331.cpp; sourceTree = "<group>"; };
		52B3D5B929FBB68F00DB9CC2 /* 9019.cpp */ = {isa = PBXFileReference; lastKnownFileType = sourcecode.cpp.cpp; path = 9019.cpp; sourceTree = "<group>"; };
		52B3D5BB29FBEBBA00DB9CC2 /* 1647.cpp */ = {isa = PBXFileReference; lastKnownFileType = sourcecode.cpp.cpp; path = 1647.cpp; sourceTree = "<group>"; };
		52B3D5BE29FE6C1000DB9CC2 /* 1504.cpp */ = {isa = PBXFileReference; lastKnownFileType = sourcecode.cpp.cpp; path = 1504.cpp; sourceTree = "<group>"; };
		52B49CEA298BC69500689CF5 /* 11052.cpp */ = {isa = PBXFileReference; lastKnownFileType = sourcecode.cpp.cpp; path = 11052.cpp; sourceTree = "<group>"; };
		52B8BF9229B0E8C6000D7592 /* 15655.cpp */ = {isa = PBXFileReference; lastKnownFileType = sourcecode.cpp.cpp; path = 15655.cpp; sourceTree = "<group>"; };
		52B8BF9429B0E9E4000D7592 /* 15657.cpp */ = {isa = PBXFileReference; lastKnownFileType = sourcecode.cpp.cpp; path = 15657.cpp; sourceTree = "<group>"; };
		52BB090F298E3D09008D7D08 /* 2193.cpp */ = {isa = PBXFileReference; lastKnownFileType = sourcecode.cpp.cpp; path = 2193.cpp; sourceTree = "<group>"; };
		52BEFCF529B9E7B40064A082 /* 10971.cpp */ = {isa = PBXFileReference; lastKnownFileType = sourcecode.cpp.cpp; path = 10971.cpp; sourceTree = "<group>"; };
		52C0D2E529B0733A00FCF5F6 /* 14500.cpp */ = {isa = PBXFileReference; lastKnownFileType = sourcecode.cpp.cpp; path = 14500.cpp; sourceTree = "<group>"; };
		52C17AD529A12839007C02E9 /* 1932.cpp */ = {isa = PBXFileReference; lastKnownFileType = sourcecode.cpp.cpp; path = 1932.cpp; sourceTree = "<group>"; };
		52DA7D9129C1D82C00F9C337 /* 14391.cpp */ = {isa = PBXFileReference; lastKnownFileType = sourcecode.cpp.cpp; path = 14391.cpp; sourceTree = "<group>"; };
		52DB58D729ADC83200778301 /* 1107.cpp */ = {isa = PBXFileReference; lastKnownFileType = sourcecode.cpp.cpp; path = 1107.cpp; sourceTree = "<group>"; };
		52DE22AD29DADCF600C213C6 /* 1717.cpp */ = {isa = PBXFileReference; lastKnownFileType = sourcecode.cpp.cpp; path = 1717.cpp; sourceTree = "<group>"; };
		52E0D76B29F65F2D006EC6AA /* 1197.cpp */ = {isa = PBXFileReference; lastKnownFileType = sourcecode.cpp.cpp; path = 1197.cpp; sourceTree = "<group>"; };
		52E0D76E29F671D8006EC6AA /* 7562.cpp */ = {isa = PBXFileReference; lastKnownFileType = sourcecode.cpp.cpp; path = 7562.cpp; sourceTree = "<group>"; };
		52E4416529EAB07C00ED8352 /* 13549.cpp */ = {isa = PBXFileReference; lastKnownFileType = sourcecode.cpp.cpp; path = 13549.cpp; sourceTree = "<group>"; };
		52F9E36D298FDBA1000D8400 /* 15990.cpp */ = {isa = PBXFileReference; lastKnownFileType = sourcecode.cpp.cpp; path = 15990.cpp; sourceTree = "<group>"; };
		52FD4D5629AC835E00E0ECA6 /* 3085.cpp */ = {isa = PBXFileReference; lastKnownFileType = sourcecode.cpp.cpp; path = 3085.cpp; sourceTree = "<group>"; };
/* End PBXFileReference section */

/* Begin PBXFrameworksBuildPhase section */
		529A8B89297D065A0064ECBC /* Frameworks */ = {
			isa = PBXFrameworksBuildPhase;
			buildActionMask = 2147483647;
			files = (
			);
			runOnlyForDeploymentPostprocessing = 0;
		};
/* End PBXFrameworksBuildPhase section */

/* Begin PBXGroup section */
		529A8B83297D065A0064ECBC = {
			isa = PBXGroup;
			children = (
				529A8B8E297D065A0064ECBC /* Algorithm */,
				529A8B8D297D065A0064ECBC /* Products */,
			);
			sourceTree = "<group>";
		};
		529A8B8D297D065A0064ECBC /* Products */ = {
			isa = PBXGroup;
			children = (
				529A8B8C297D065A0064ECBC /* Algorithm */,
			);
			name = Products;
			sourceTree = "<group>";
		};
		529A8B8E297D065A0064ECBC /* Algorithm */ = {
			isa = PBXGroup;
			children = (
				529A8B97297D070B0064ECBC /* BAEKJOON */,
				529A8B96297D07070064ECBC /* Sort */,
			);
			path = Algorithm;
			sourceTree = "<group>";
		};
		529A8B96297D07070064ECBC /* Sort */ = {
			isa = PBXGroup;
			children = (
				529A8B9B297D07320064ECBC /* BubbbleSort.cpp */,
				529A8B9D297D07430064ECBC /* MergeSort.cpp */,
				529A8B9F297D074C0064ECBC /* QuickSort.cpp */,
				529A8BA1297D07530064ECBC /* SelectionSort.cpp */,
			);
			path = Sort;
			sourceTree = "<group>";
		};
		529A8B97297D070B0064ECBC /* BAEKJOON */ = {
			isa = PBXGroup;
			children = (
				529A8B98297D07110064ECBC /* Practice */,
			);
			path = BAEKJOON;
			sourceTree = "<group>";
		};
		529A8B98297D07110064ECBC /* Practice */ = {
			isa = PBXGroup;
			children = (
				529A8B99297D071D0064ECBC /* 17413.cpp */,
				529A8BA4297D320F0064ECBC /* 10799.cpp */,
				529A8BA7298020700064ECBC /* 1935.cpp */,
				529A8BA92980E8230064ECBC /* 17298.cpp */,
				529E2491298255A40093140C /* 17299.cpp */,
				527388E32982D7DF00E3CB07 /* 1918.cpp */,
				524C55ED2984390500FC68A3 /* 10808.cpp */,
				524C55EF29858FAD00FC68A3 /* 10820.cpp */,
				525CF8B72986ED2400687BAA /* 1463.cpp */,
				52547949298812E100FD9AC8 /* 11726.cpp */,
				5209FE4F298962F300EA3F3C /* 11727.cpp */,
				5209FE51298967F400EA3F3C /* 9095.cpp */,
				52B49CEA298BC69500689CF5 /* 11052.cpp */,
				52423A48298D2EA300B32236 /* 16194.cpp */,
				52BB090F298E3D09008D7D08 /* 2193.cpp */,
				52F9E36D298FDBA1000D8400 /* 15990.cpp */,
				52518D972990F1550093E023 /* 10844.cpp */,
				52B2BF3E2992ABB400D164EC /* 11053.cpp */,
				52B2BF412992C55500D164EC /* 14402.cpp */,
				529E01902994D6DC00CF38D3 /* 1912.cpp */,
				529E01922995DED200CF38D3 /* 1699.cpp */,
				52227DF4299F5E4600B8C19A /* 15988.cpp */,
				52227DF6299F629C00B8C19A /* 1149.cpp */,
				52227DF8299F660C00B8C19A /* 1309.cpp */,
				52227DFA299F67FC00B8C19A /* 2156.cpp */,
				52922E2329A0A28C004CCBC5 /* 11054.cpp */,
				52C17AD529A12839007C02E9 /* 1932.cpp */,
				524181C929A3056500E84F77 /* 11055.cpp */,
				524181CB29A30E2200E84F77 /* 11722.cpp */,
				524181CD29A343C400E84F77 /* 13398.cpp */,
				5289938829A8946900120A15 /* 2133.cpp */,
				5289939029A8A6A300120A15 /* 17404.cpp */,
				520913DF29A9C8E0002FECDD /* 1476.cpp */,
				52006D9629A9CC9800DC48FA /* 1748.cpp */,
				52FD4D5629AC835E00E0ECA6 /* 3085.cpp */,
				52DB58D729ADC83200778301 /* 1107.cpp */,
				52C0D2E529B0733A00FCF5F6 /* 14500.cpp */,
				5275FA9429B088560017D619 /* 6064.cpp */,
				52A1C57A29B0AF850045AB2F /* 15651.cpp */,
				52A1C57C29B0B5BA0045AB2F /* 15652.cpp */,
				52A1C57E29B0DD3F0045AB2F /* 15654.cpp */,
				52B8BF9229B0E8C6000D7592 /* 15655.cpp */,
				52B8BF9429B0E9E4000D7592 /* 15657.cpp */,
				52A50D9129B49A02009F0E05 /* 15663.cpp */,
				52A50D9329B49BE4009F0E05 /* 15664.cpp */,
				52A50D9529B49D34009F0E05 /* 15665.cpp */,
				52A50D9729B4A0C6009F0E05 /* 15666.cpp */,
				52A50D9A29B4B8F3009F0E05 /* 10973.cpp */,
				52A50D9C29B4BBC4009F0E05 /* 10972.cpp */,
				5220607929B87D8200988087 /* 10974.cpp */,
				5220607B29B881AD00988087 /* 10819.cpp */,
				52BEFCF529B9E7B40064A082 /* 10971.cpp */,
				52880F5729BDA8CC005C5827 /* 1759.cpp */,
				5249BA9229BEFE3F003E7899 /* 14501.cpp */,
				5249BA9429BF0379003E7899 /* 15661.cpp */,
				523FC18B29C08C1700B3E637 /* 2529.cpp */,
				52DA7D9129C1D82C00F9C337 /* 14391.cpp */,
				521FDE9029C6FA32005936F6 /* 17136.cpp */,
				5279B5C829C847AB000BD7DC /* 5427.cpp */,
				52B1229E29D4296300C0EB39 /* 5430.cpp */,
				528C472D29D6B73100E42540 /* 7569.cpp */,
				52DE22AD29DADCF600C213C6 /* 1717.cpp */,
				528E97CF29DBF46C00126281 /* 16947.cpp */,
				5273925429DFECBD009ED849 /* 1697.cpp */,
				52715F3229E284F80001D961 /* 13913.cpp */,
				529B349629E93AE800D1F408 /* 14226.cpp */,
				52E4416529EAB07C00ED8352 /* 13549.cpp */,
				52E0D76B29F65F2D006EC6AA /* 1197.cpp */,
				52E0D76E29F671D8006EC6AA /* 7562.cpp */,
				52006B0829FA3A0A0063CF2B /* 4179.cpp */,
				52006B0A29FA4E140063CF2B /* 1916.cpp */,
				52006B0C29FA5DD30063CF2B /* 1.cpp */,
				52B3D5B929FBB68F00DB9CC2 /* 9019.cpp */,
				52B3D5BB29FBEBBA00DB9CC2 /* 1647.cpp */,
				52B3D5B729FBA80300DB9CC2 /* 2331.cpp */,
				52B3D5BE29FE6C1000DB9CC2 /* 1504.cpp */,
				52610B302A0047B300A2938F /* 1976.cpp */,
				52610B322A00E2A600A2938F /* 20040.cpp */,
			);
			path = Practice;
			sourceTree = "<group>";
		};
/* End PBXGroup section */

/* Begin PBXNativeTarget section */
		529A8B8B297D065A0064ECBC /* Algorithm */ = {
			isa = PBXNativeTarget;
			buildConfigurationList = 529A8B93297D065A0064ECBC /* Build configuration list for PBXNativeTarget "Algorithm" */;
			buildPhases = (
				529A8B88297D065A0064ECBC /* Sources */,
				529A8B89297D065A0064ECBC /* Frameworks */,
				529A8B8A297D065A0064ECBC /* CopyFiles */,
			);
			buildRules = (
			);
			dependencies = (
			);
			name = Algorithm;
			productName = Algorithm;
			productReference = 529A8B8C297D065A0064ECBC /* Algorithm */;
			productType = "com.apple.product-type.tool";
		};
/* End PBXNativeTarget section */

/* Begin PBXProject section */
		529A8B84297D065A0064ECBC /* Project object */ = {
			isa = PBXProject;
			attributes = {
				BuildIndependentTargetsInParallel = 1;
				LastUpgradeCheck = 1420;
				TargetAttributes = {
					529A8B8B297D065A0064ECBC = {
						CreatedOnToolsVersion = 14.2;
					};
				};
			};
			buildConfigurationList = 529A8B87297D065A0064ECBC /* Build configuration list for PBXProject "Algorithm" */;
			compatibilityVersion = "Xcode 14.0";
			developmentRegion = en;
			hasScannedForEncodings = 0;
			knownRegions = (
				en,
				Base,
			);
			mainGroup = 529A8B83297D065A0064ECBC;
			productRefGroup = 529A8B8D297D065A0064ECBC /* Products */;
			projectDirPath = "";
			projectRoot = "";
			targets = (
				529A8B8B297D065A0064ECBC /* Algorithm */,
			);
		};
/* End PBXProject section */

/* Begin PBXSourcesBuildPhase section */
		529A8B88297D065A0064ECBC /* Sources */ = {
			isa = PBXSourcesBuildPhase;
			buildActionMask = 2147483647;
			files = (
			);
			runOnlyForDeploymentPostprocessing = 0;
		};
/* End PBXSourcesBuildPhase section */

/* Begin XCBuildConfiguration section */
		529A8B91297D065A0064ECBC /* Debug */ = {
			isa = XCBuildConfiguration;
			buildSettings = {
				ALWAYS_SEARCH_USER_PATHS = NO;
				CLANG_ANALYZER_NONNULL = YES;
				CLANG_ANALYZER_NUMBER_OBJECT_CONVERSION = YES_AGGRESSIVE;
				CLANG_CXX_LANGUAGE_STANDARD = "gnu++20";
				CLANG_ENABLE_MODULES = YES;
				CLANG_ENABLE_OBJC_ARC = YES;
				CLANG_ENABLE_OBJC_WEAK = YES;
				CLANG_WARN_BLOCK_CAPTURE_AUTORELEASING = YES;
				CLANG_WARN_BOOL_CONVERSION = YES;
				CLANG_WARN_COMMA = YES;
				CLANG_WARN_CONSTANT_CONVERSION = YES;
				CLANG_WARN_DEPRECATED_OBJC_IMPLEMENTATIONS = YES;
				CLANG_WARN_DIRECT_OBJC_ISA_USAGE = YES_ERROR;
				CLANG_WARN_DOCUMENTATION_COMMENTS = YES;
				CLANG_WARN_EMPTY_BODY = YES;
				CLANG_WARN_ENUM_CONVERSION = YES;
				CLANG_WARN_INFINITE_RECURSION = YES;
				CLANG_WARN_INT_CONVERSION = YES;
				CLANG_WARN_NON_LITERAL_NULL_CONVERSION = YES;
				CLANG_WARN_OBJC_IMPLICIT_RETAIN_SELF = YES;
				CLANG_WARN_OBJC_LITERAL_CONVERSION = YES;
				CLANG_WARN_OBJC_ROOT_CLASS = YES_ERROR;
				CLANG_WARN_QUOTED_INCLUDE_IN_FRAMEWORK_HEADER = YES;
				CLANG_WARN_RANGE_LOOP_ANALYSIS = YES;
				CLANG_WARN_STRICT_PROTOTYPES = YES;
				CLANG_WARN_SUSPICIOUS_MOVE = YES;
				CLANG_WARN_UNGUARDED_AVAILABILITY = YES_AGGRESSIVE;
				CLANG_WARN_UNREACHABLE_CODE = YES;
				CLANG_WARN__DUPLICATE_METHOD_MATCH = YES;
				COPY_PHASE_STRIP = NO;
				DEBUG_INFORMATION_FORMAT = dwarf;
				ENABLE_STRICT_OBJC_MSGSEND = YES;
				ENABLE_TESTABILITY = YES;
				GCC_C_LANGUAGE_STANDARD = gnu11;
				GCC_DYNAMIC_NO_PIC = NO;
				GCC_NO_COMMON_BLOCKS = YES;
				GCC_OPTIMIZATION_LEVEL = 0;
				GCC_PREPROCESSOR_DEFINITIONS = (
					"DEBUG=1",
					"$(inherited)",
				);
				GCC_WARN_64_TO_32_BIT_CONVERSION = YES;
				GCC_WARN_ABOUT_RETURN_TYPE = YES_ERROR;
				GCC_WARN_UNDECLARED_SELECTOR = YES;
				GCC_WARN_UNINITIALIZED_AUTOS = YES_AGGRESSIVE;
				GCC_WARN_UNUSED_FUNCTION = YES;
				GCC_WARN_UNUSED_VARIABLE = YES;
				MACOSX_DEPLOYMENT_TARGET = 13.1;
				MTL_ENABLE_DEBUG_INFO = INCLUDE_SOURCE;
				MTL_FAST_MATH = YES;
				ONLY_ACTIVE_ARCH = YES;
				SDKROOT = macosx;
			};
			name = Debug;
		};
		529A8B92297D065A0064ECBC /* Release */ = {
			isa = XCBuildConfiguration;
			buildSettings = {
				ALWAYS_SEARCH_USER_PATHS = NO;
				CLANG_ANALYZER_NONNULL = YES;
				CLANG_ANALYZER_NUMBER_OBJECT_CONVERSION = YES_AGGRESSIVE;
				CLANG_CXX_LANGUAGE_STANDARD = "gnu++20";
				CLANG_ENABLE_MODULES = YES;
				CLANG_ENABLE_OBJC_ARC = YES;
				CLANG_ENABLE_OBJC_WEAK = YES;
				CLANG_WARN_BLOCK_CAPTURE_AUTORELEASING = YES;
				CLANG_WARN_BOOL_CONVERSION = YES;
				CLANG_WARN_COMMA = YES;
				CLANG_WARN_CONSTANT_CONVERSION = YES;
				CLANG_WARN_DEPRECATED_OBJC_IMPLEMENTATIONS = YES;
				CLANG_WARN_DIRECT_OBJC_ISA_USAGE = YES_ERROR;
				CLANG_WARN_DOCUMENTATION_COMMENTS = YES;
				CLANG_WARN_EMPTY_BODY = YES;
				CLANG_WARN_ENUM_CONVERSION = YES;
				CLANG_WARN_INFINITE_RECURSION = YES;
				CLANG_WARN_INT_CONVERSION = YES;
				CLANG_WARN_NON_LITERAL_NULL_CONVERSION = YES;
				CLANG_WARN_OBJC_IMPLICIT_RETAIN_SELF = YES;
				CLANG_WARN_OBJC_LITERAL_CONVERSION = YES;
				CLANG_WARN_OBJC_ROOT_CLASS = YES_ERROR;
				CLANG_WARN_QUOTED_INCLUDE_IN_FRAMEWORK_HEADER = YES;
				CLANG_WARN_RANGE_LOOP_ANALYSIS = YES;
				CLANG_WARN_STRICT_PROTOTYPES = YES;
				CLANG_WARN_SUSPICIOUS_MOVE = YES;
				CLANG_WARN_UNGUARDED_AVAILABILITY = YES_AGGRESSIVE;
				CLANG_WARN_UNREACHABLE_CODE = YES;
				CLANG_WARN__DUPLICATE_METHOD_MATCH = YES;
				COPY_PHASE_STRIP = NO;
				DEBUG_INFORMATION_FORMAT = "dwarf-with-dsym";
				ENABLE_NS_ASSERTIONS = NO;
				ENABLE_STRICT_OBJC_MSGSEND = YES;
				GCC_C_LANGUAGE_STANDARD = gnu11;
				GCC_NO_COMMON_BLOCKS = YES;
				GCC_WARN_64_TO_32_BIT_CONVERSION = YES;
				GCC_WARN_ABOUT_RETURN_TYPE = YES_ERROR;
				GCC_WARN_UNDECLARED_SELECTOR = YES;
				GCC_WARN_UNINITIALIZED_AUTOS = YES_AGGRESSIVE;
				GCC_WARN_UNUSED_FUNCTION = YES;
				GCC_WARN_UNUSED_VARIABLE = YES;
				MACOSX_DEPLOYMENT_TARGET = 13.1;
				MTL_ENABLE_DEBUG_INFO = NO;
				MTL_FAST_MATH = YES;
				SDKROOT = macosx;
			};
			name = Release;
		};
		529A8B94297D065A0064ECBC /* Debug */ = {
			isa = XCBuildConfiguration;
			buildSettings = {
				"CODE_SIGN_IDENTITY[sdk=macosx*]" = "-";
				CODE_SIGN_STYLE = Automatic;
				DEVELOPMENT_TEAM = FQJCX687Q4;
				ENABLE_HARDENED_RUNTIME = YES;
				PRODUCT_NAME = "$(TARGET_NAME)";
			};
			name = Debug;
		};
		529A8B95297D065A0064ECBC /* Release */ = {
			isa = XCBuildConfiguration;
			buildSettings = {
				CODE_SIGN_STYLE = Automatic;
				DEVELOPMENT_TEAM = FQJCX687Q4;
				ENABLE_HARDENED_RUNTIME = YES;
				PRODUCT_NAME = "$(TARGET_NAME)";
			};
			name = Release;
		};
/* End XCBuildConfiguration section */

/* Begin XCConfigurationList section */
		529A8B87297D065A0064ECBC /* Build configuration list for PBXProject "Algorithm" */ = {
			isa = XCConfigurationList;
			buildConfigurations = (
				529A8B91297D065A0064ECBC /* Debug */,
				529A8B92297D065A0064ECBC /* Release */,
			);
			defaultConfigurationIsVisible = 0;
			defaultConfigurationName = Release;
		};
		529A8B93297D065A0064ECBC /* Build configuration list for PBXNativeTarget "Algorithm" */ = {
			isa = XCConfigurationList;
			buildConfigurations = (
				529A8B94297D065A0064ECBC /* Debug */,
				529A8B95297D065A0064ECBC /* Release */,
			);
			defaultConfigurationIsVisible = 0;
			defaultConfigurationName = Release;
		};
/* End XCConfigurationList section */
	};
	rootObject = 529A8B84297D065A0064ECBC /* Project object */;
}
